{
    "properties": [
        "first_name",
        "posts",
        "locked_property"
    ],
    "scopes": [
        "foo",
        "locked_scope"
    ],
    "request": {
        "filtrable": {
            "properties": [
                "password",
                "name",
                "email",
                "property_doesnt_exist"
            ],
            "scopes": [
                "foo",
                "locked_scope"
            ]
        },
        "sortable": [
            "password",
            "first_name",
            "name",
            "property_doesnt_exist"
        ]
    }
}
